
Microsoft Visual Studio Solution File, Format Version 12.00
# Visual Studio Version 17
VisualStudioVersion = 17.3.32922.545
MinimumVisualStudioVersion = 10.0.40219.1
Project("{FAE04EC0-301F-11D3-BF4B-00C04F79EFBC}") = "WpfApp1", "WpfApp1\WpfApp1.csproj", "{AE7DC293-7E51-46EA-A1B1-07F57DBBAEC6}"
EndProject
Global
	GlobalSection(SolutionConfigurationPlatforms) = preSolution
		Debug|Any CPU = Debug|Any CPU
		Release|Any CPU = Release|Any CPU
	EndGlobalSection
	GlobalSection(ProjectConfigurationPlatforms) = postSolution
		{AE7DC293-7E51-46EA-A1B1-07F57DBBAEC6}.Debug|Any CPU.ActiveCfg = Debug|Any CPU
		{AE7DC293-7E51-46EA-A1B1-07F57DBBAEC6}.Debug|Any CPU.Build.0 = Debug|Any CPU
		{AE7DC293-7E51-46EA-A1B1-07F57DBBAEC6}.Release|Any CPU.ActiveCfg = Release|Any CPU
		{AE7DC293-7E51-46EA-A1B1-07F57DBBAEC6}.Release|Any CPU.Build.0 = Release|Any CPU
	EndGlobalSection
	GlobalSection(SolutionProperties) = preSolution
		HideSolutionNode = FALSE
	EndGlobalSection
	GlobalSection(ExtensibilityGlobals) = postSolution
		SolutionGuid = {99852EDD-AFA7-4C9F-9AAA-FD7A1A5A2DB2}
	EndGlobalSection
EndGlobal
